<?xml version="1.0" encoding="utf-8"?>
<Project ToolsVersion="4.0" xmlns="http://schemas.microsoft.com/developer/msbuild/2003">
  <ItemGroup>
    <ClCompile Include="Player.cpp">
      <Filter>Source Files\Game</Filter>
    </ClCompile>
    <ClCompile Include="main.cpp">
      <Filter>Source Files\Game</Filter>
    </ClCompile>
    <ClCompile Include="Game_Register.cpp">
      <Filter>Source Files\Core</Filter>
    </ClCompile>
    <ClCompile Include="GameOver.cpp">
      <Filter>Source Files\Game</Filter>
    </ClCompile>
    <ClCompile Include="Menu.cpp">
      <Filter>Source Files\Core</Filter>
    </ClCompile>
    <ClCompile Include="MouseCursor.cpp">
      <Filter>Source Files\Core</Filter>
    </ClCompile>
    <ClCompile Include="Spawner.cpp">
      <Filter>Source Files\Game</Filter>
    </ClCompile>
    <ClCompile Include="PauseMenu.cpp">
      <Filter>Source Files\UI</Filter>
    </ClCompile>
    <ClCompile Include="MainMenu.cpp">
      <Filter>Source Files\UI</Filter>
    </ClCompile>
    <ClCompile Include="HUD.cpp">
      <Filter>Source Files\UI</Filter>
    </ClCompile>
    <ClCompile Include="SpeedBoostItem.cpp">
      <Filter>Source Files\Items</Filter>
    </ClCompile>
    <ClCompile Include="FireRateItem.cpp">
      <Filter>Source Files\Items</Filter>
    </ClCompile>
    <ClCompile Include="Item.cpp">
      <Filter>Source Files\Items</Filter>
    </ClCompile>
    <ClCompile Include="ExtraLifeItem.cpp">
      <Filter>Source Files\Items</Filter>
    </ClCompile>
    <ClCompile Include="Enemy.cpp">
      <Filter>Source Files\Enemies</Filter>
    </ClCompile>
    <ClCompile Include="BombEnemy.cpp">
      <Filter>Source Files\Enemies</Filter>
    </ClCompile>
    <ClCompile Include="Projectile.cpp">
      <Filter>Source Files\Game</Filter>
    </ClCompile>
    <ClCompile Include="ProjectileSystem.cpp">
      <Filter>Source Files\Game</Filter>
    </ClCompile>
  </ItemGroup>
  <ItemGroup>
    <ClInclude Include="GameCore.h">
      <Filter>Header Files\Core</Filter>
    </ClInclude>
    <ClInclude Include="GameOver.h">
      <Filter>Header Files\Game</Filter>
    </ClInclude>
    <ClInclude Include="Player.h">
      <Filter>Header Files\Game</Filter>
    </ClInclude>
    <ClInclude Include="Spawner.h">
      <Filter>Header Files\Game</Filter>
    </ClInclude>
    <ClInclude Include="MainMenu.h">
      <Filter>Header Files\UI</Filter>
    </ClInclude>
    <ClInclude Include="Menu.h">
      <Filter>Header Files\UI</Filter>
    </ClInclude>
    <ClInclude Include="HUD.h">
      <Filter>Header Files\UI</Filter>
    </ClInclude>
    <ClInclude Include="MouseCursor.h">
      <Filter>Header Files\Core</Filter>
    </ClInclude>
    <ClInclude Include="Enemy.h">
      <Filter>Header Files\Game</Filter>
    </ClInclude>
    <ClInclude Include="BombEnemy.h">
      <Filter>Header Files\Game</Filter>
    </ClInclude>
    <ClInclude Include="Item.h">
      <Filter>Header Files\Items</Filter>
    </ClInclude>
    <ClInclude Include="SpeedBoostItem.h">
      <Filter>Header Files\Items</Filter>
    </ClInclude>
    <ClInclude Include="FireRateItem.h">
      <Filter>Header Files\Items</Filter>
    </ClInclude>
    <ClInclude Include="ExtraLifeItem.h">
      <Filter>Header Files\Items</Filter>
    </ClInclude>
    <ClInclude Include="ProjectileSystem.h">
      <Filter>Header Files\Game</Filter>
    </ClInclude>
    <ClInclude Include="Projectile.h">
      <Filter>Header Files\Game</Filter>
    </ClInclude>
  </ItemGroup>
  <ItemGroup>
    <None Include="..\Build\Assets\AssetManager.json">
      <Filter>Configuration Files</Filter>
    </None>
    <None Include="..\Build\Assets\AudioSystem.json">
      <Filter>Configuration Files</Filter>
    </None>
    <None Include="..\Build\Assets\RenderSettings.json">
      <Filter>Configuration Files</Filter>
    </None>
    <None Include="..\Build\Assets\SceneManager.json">
      <Filter>Configuration Files</Filter>
    </None>
    <None Include="..\Build\Assets\Scenes\MainMenu.json">
      <Filter>Scenes</Filter>
    </None>
    <None Include="..\Build\Assets\Scenes\Level01.json">
      <Filter>Scenes</Filter>
    </None>
    <None Include="..\Build\Assets\hitEffect03.wav.asset">
      <Filter>Assets\Sounds</Filter>
    </None>
    <None Include="..\Build\Assets\girl.png.asset">
      <Filter>Assets\Textures</Filter>
    </None>
    <None Include="..\Build\Assets\nottaco.png.asset">
      <Filter>Assets\Textures</Filter>
    </None>
    <None Include="..\Build\Assets\PAPYRUS.TTF.asset">
      <Filter>Assets\Fonts</Filter>
    </None>
    <None Include="..\Build\Assets\Oswald.ttf.asset">
      <Filter>Assets\Fonts</Filter>
    </None>
    <None Include="..\Build\Assets\Scenes\PauseMenu.json">
      <Filter>Scenes</Filter>
    </None>
    <None Include="PauseMenu.h">
      <Filter>Header Files\UI</Filter>
    </None>
  </ItemGroup>
  <ItemGroup>
    <Filter Include="Source Files">
      <UniqueIdentifier>{0478d87c-1765-41cd-acad-55fa5c5d6b48}</UniqueIdentifier>
    </Filter>
    <Filter Include="Header Files">
      <UniqueIdentifier>{c7736a56-6ce9-4c9b-9f79-ad95c73e5ac6}</UniqueIdentifier>
    </Filter>
    <Filter Include="Configuration Files">
      <UniqueIdentifier>{b756e000-18e7-47f5-afdd-08bb382be9d1}</UniqueIdentifier>
    </Filter>
    <Filter Include="Source Files\Core">
      <UniqueIdentifier>{48c39fed-77cf-46b6-99e4-e11723fe6e79}</UniqueIdentifier>
    </Filter>
    <Filter Include="Source Files\Game">
      <UniqueIdentifier>{2c60c914-ea66-4e88-b933-9dcf6916ddfe}</UniqueIdentifier>
    </Filter>
    <Filter Include="Header Files\Core">
      <UniqueIdentifier>{ed905eec-501f-4847-95e3-9be5e9e0f1e8}</UniqueIdentifier>
    </Filter>
    <Filter Include="Header Files\Game">
      <UniqueIdentifier>{2ee47f55-6683-499c-b248-d66c86e4cbb7}</UniqueIdentifier>
    </Filter>
    <Filter Include="Scenes">
      <UniqueIdentifier>{3b039dc0-fb18-40a3-992a-d93f49fa2e36}</UniqueIdentifier>
    </Filter>
    <Filter Include="Assets">
      <UniqueIdentifier>{d4205596-d14a-459b-aa18-e8880286e49d}</UniqueIdentifier>
    </Filter>
    <Filter Include="Assets\Textures">
      <UniqueIdentifier>{9ec7632a-b438-4b06-aa33-745b3b1df316}</UniqueIdentifier>
    </Filter>
    <Filter Include="Assets\Sounds">
      <UniqueIdentifier>{072398fb-8655-40a4-827e-548aa5acadbe}</UniqueIdentifier>
    </Filter>
    <Filter Include="Assets\Fonts">
      <UniqueIdentifier>{95613a3e-a2ef-4150-8e1d-634ee5a5fe9a}</UniqueIdentifier>
    </Filter>
    <Filter Include="Header Files\UI">
      <UniqueIdentifier>{94509a94-28ff-4429-9db5-a18cdb0444e0}</UniqueIdentifier>
    </Filter>
    <Filter Include="Source Files\UI">
      <UniqueIdentifier>{e674b8cb-9c72-451d-9734-294db0f16969}</UniqueIdentifier>
    </Filter>
    <Filter Include="Source Files\Items">
      <UniqueIdentifier>{e3fe4a31-467c-4c9d-afc7-8c2d608e73b4}</UniqueIdentifier>
    </Filter>
    <Filter Include="Header Files\Items">
      <UniqueIdentifier>{f503e733-9210-4db1-8cdb-3da44ffba3c2}</UniqueIdentifier>
    </Filter>
    <Filter Include="Source Files\Enemies">
      <UniqueIdentifier>{d6e50d88-f9af-4686-a0dd-a29ea151d710}</UniqueIdentifier>
    </Filter>
  </ItemGroup>
  <ItemGroup>
    <Media Include="..\Build\Assets\hitEffect03.wav">
      <Filter>Assets\Sounds</Filter>
    </Media>
  </ItemGroup>
  <ItemGroup>
    <Image Include="..\Build\Assets\girl.png">
      <Filter>Assets\Textures</Filter>
    </Image>
    <Image Include="..\Build\Assets\nottaco.png">
      <Filter>Assets\Textures</Filter>
    </Image>
  </ItemGroup>
  <ItemGroup>
    <Font Include="..\Build\Assets\PAPYRUS.TTF">
      <Filter>Assets\Fonts</Filter>
    </Font>
    <Font Include="..\Build\Assets\Oswald.ttf">
      <Filter>Assets\Fonts</Filter>
    </Font>
  </ItemGroup>
</Project>